
Microsoft Visual Studio Solution File, Format Version 12.00
# Visual Studio 2012
Project("{FAE04EC0-301F-11D3-BF4B-00C04F79EFBC}") = "MiniHttp", "MiniHttp\MiniHttp.csproj", "{AED6C155-FD16-43E0-B0E9-49FEB6A82BB3}"
EndProject
Project("{FAE04EC0-301F-11D3-BF4B-00C04F79EFBC}") = "MiniHttp.UnitTests", "MiniHttp.UnitTests\MiniHttp.UnitTests.csproj", "{9BC3EA09-AE0E-426D-A66F-55F439AA8B60}"
EndProject
Project("{FAE04EC0-301F-11D3-BF4B-00C04F79EFBC}") = "MiniHttp.Plugins", "MiniHttp.Plugins\MiniHttp.Plugins.csproj", "{9ACBC577-E5D1-4955-B3C1-E2609508D256}"
EndProject
Global
	GlobalSection(SolutionConfigurationPlatforms) = preSolution
		Debug|Any CPU = Debug|Any CPU
		Debug|Mixed Platforms = Debug|Mixed Platforms
		Debug|x86 = Debug|x86
		Release|Any CPU = Release|Any CPU
		Release|Mixed Platforms = Release|Mixed Platforms
		Release|x86 = Release|x86
	EndGlobalSection
	GlobalSection(ProjectConfigurationPlatforms) = postSolution
		{AED6C155-FD16-43E0-B0E9-49FEB6A82BB3}.Debug|Any CPU.ActiveCfg = Debug|x86
		{AED6C155-FD16-43E0-B0E9-49FEB6A82BB3}.Debug|Mixed Platforms.ActiveCfg = Debug|x86
		{AED6C155-FD16-43E0-B0E9-49FEB6A82BB3}.Debug|Mixed Platforms.Build.0 = Debug|x86
		{AED6C155-FD16-43E0-B0E9-49FEB6A82BB3}.Debug|x86.ActiveCfg = Debug|x86
		{AED6C155-FD16-43E0-B0E9-49FEB6A82BB3}.Debug|x86.Build.0 = Debug|x86
		{AED6C155-FD16-43E0-B0E9-49FEB6A82BB3}.Release|Any CPU.ActiveCfg = Release|x86
		{AED6C155-FD16-43E0-B0E9-49FEB6A82BB3}.Release|Mixed Platforms.ActiveCfg = Release|x86
		{AED6C155-FD16-43E0-B0E9-49FEB6A82BB3}.Release|Mixed Platforms.Build.0 = Release|x86
		{AED6C155-FD16-43E0-B0E9-49FEB6A82BB3}.Release|x86.ActiveCfg = Release|x86
		{AED6C155-FD16-43E0-B0E9-49FEB6A82BB3}.Release|x86.Build.0 = Release|x86
		{9BC3EA09-AE0E-426D-A66F-55F439AA8B60}.Debug|Any CPU.ActiveCfg = Debug|Any CPU
		{9BC3EA09-AE0E-426D-A66F-55F439AA8B60}.Debug|Any CPU.Build.0 = Debug|Any CPU
		{9BC3EA09-AE0E-426D-A66F-55F439AA8B60}.Debug|Mixed Platforms.ActiveCfg = Debug|Any CPU
		{9BC3EA09-AE0E-426D-A66F-55F439AA8B60}.Debug|Mixed Platforms.Build.0 = Debug|Any CPU
		{9BC3EA09-AE0E-426D-A66F-55F439AA8B60}.Debug|x86.ActiveCfg = Debug|Any CPU
		{9BC3EA09-AE0E-426D-A66F-55F439AA8B60}.Debug|x86.Build.0 = Debug|Any CPU
		{9BC3EA09-AE0E-426D-A66F-55F439AA8B60}.Release|Any CPU.ActiveCfg = Release|Any CPU
		{9BC3EA09-AE0E-426D-A66F-55F439AA8B60}.Release|Any CPU.Build.0 = Release|Any CPU
		{9BC3EA09-AE0E-426D-A66F-55F439AA8B60}.Release|Mixed Platforms.ActiveCfg = Release|Any CPU
		{9BC3EA09-AE0E-426D-A66F-55F439AA8B60}.Release|Mixed Platforms.Build.0 = Release|Any CPU
		{9BC3EA09-AE0E-426D-A66F-55F439AA8B60}.Release|x86.ActiveCfg = Release|Any CPU
		{9BC3EA09-AE0E-426D-A66F-55F439AA8B60}.Release|x86.Build.0 = Release|Any CPU
		{9ACBC577-E5D1-4955-B3C1-E2609508D256}.Debug|Any CPU.ActiveCfg = Debug|x86
		{9ACBC577-E5D1-4955-B3C1-E2609508D256}.Debug|Mixed Platforms.ActiveCfg = Debug|x86
		{9ACBC577-E5D1-4955-B3C1-E2609508D256}.Debug|Mixed Platforms.Build.0 = Debug|x86
		{9ACBC577-E5D1-4955-B3C1-E2609508D256}.Debug|x86.ActiveCfg = Debug|x86
		{9ACBC577-E5D1-4955-B3C1-E2609508D256}.Debug|x86.Build.0 = Debug|x86
		{9ACBC577-E5D1-4955-B3C1-E2609508D256}.Release|Any CPU.ActiveCfg = Release|x86
		{9ACBC577-E5D1-4955-B3C1-E2609508D256}.Release|Mixed Platforms.ActiveCfg = Release|x86
		{9ACBC577-E5D1-4955-B3C1-E2609508D256}.Release|Mixed Platforms.Build.0 = Release|x86
		{9ACBC577-E5D1-4955-B3C1-E2609508D256}.Release|x86.ActiveCfg = Release|x86
		{9ACBC577-E5D1-4955-B3C1-E2609508D256}.Release|x86.Build.0 = Release|x86
	EndGlobalSection
	GlobalSection(SolutionProperties) = preSolution
		HideSolutionNode = FALSE
	EndGlobalSection
EndGlobal
